Microsoft Visual Studio Solution File, Format Version 11.00
# Visual Studio 2008

Project("{176CD9B7-7B01-5ED7-0B5A-45B1E4369262}") = "One Button final built 2", "Assembly-CSharp-firstpass.csproj", "{30F00411-A431-0A22-CFB1-3905C70DE2D4}"
EndProject
Project("{176CD9B7-7B01-5ED7-0B5A-45B1E4369262}") = "One Button final built 2", "Assembly-CSharp.csproj", "{8A5EBFD5-B04F-6427-100D-AD62035B850B}"
EndProject
Project("{176CD9B7-7B01-5ED7-0B5A-45B1E4369262}") = "One Button final built 2", "Assembly-CSharp-Editor.csproj", "{4EAB8469-FB1B-7B91-0829-A79CBE36F0B7}"
EndProject
Global
	GlobalSection(SolutionConfigurationPlatforms) = preSolution
		Debug|Any CPU = Debug|Any CPU
		Release|Any CPU = Release|Any CPU
	EndGlobalSection
	GlobalSection(ProjectConfigurationPlatforms) = postSolution
		{30F00411-A431-0A22-CFB1-3905C70DE2D4}.Debug|Any CPU.ActiveCfg = Debug|Any CPU
		{30F00411-A431-0A22-CFB1-3905C70DE2D4}.Debug|Any CPU.Build.0 = Debug|Any CPU
		{30F00411-A431-0A22-CFB1-3905C70DE2D4}.Release|Any CPU.ActiveCfg = Release|Any CPU
		{30F00411-A431-0A22-CFB1-3905C70DE2D4}.Release|Any CPU.Build.0 = Release|Any CPU
		{8A5EBFD5-B04F-6427-100D-AD62035B850B}.Debug|Any CPU.ActiveCfg = Debug|Any CPU
		{8A5EBFD5-B04F-6427-100D-AD62035B850B}.Debug|Any CPU.Build.0 = Debug|Any CPU
		{8A5EBFD5-B04F-6427-100D-AD62035B850B}.Release|Any CPU.ActiveCfg = Release|Any CPU
		{8A5EBFD5-B04F-6427-100D-AD62035B850B}.Release|Any CPU.Build.0 = Release|Any CPU
		{4EAB8469-FB1B-7B91-0829-A79CBE36F0B7}.Debug|Any CPU.ActiveCfg = Debug|Any CPU
		{4EAB8469-FB1B-7B91-0829-A79CBE36F0B7}.Debug|Any CPU.Build.0 = Debug|Any CPU
		{4EAB8469-FB1B-7B91-0829-A79CBE36F0B7}.Release|Any CPU.ActiveCfg = Release|Any CPU
		{4EAB8469-FB1B-7B91-0829-A79CBE36F0B7}.Release|Any CPU.Build.0 = Release|Any CPU
	EndGlobalSection
	GlobalSection(SolutionProperties) = preSolution
		HideSolutionNode = FALSE
	EndGlobalSection
	GlobalSection(MonoDevelopProperties) = preSolution
		StartupItem = Assembly-CSharp.csproj
	EndGlobalSection
EndGlobal
